
Microsoft Visual Studio Solution File, Format Version 12.00
# Visual Studio Version 17
VisualStudioVersion = 17.5.002.0
MinimumVisualStudioVersion = 10.0.40219.1
Project("{9A19103F-16F7-4668-BE54-9A1E7A4F7556}") = "Flashcards", "Flashcards.csproj", "{81F40D93-4DC8-4F6A-B068-B686E9779837}"
EndProject
Project("{9A19103F-16F7-4668-BE54-9A1E7A4F7556}") = "DataAccessLibrary", "DataAccessLibrary\DataAccessLibrary.csproj", "{410DB839-818D-49B4-84E7-BE276EF9A688}"
EndProject
Global
	GlobalSection(SolutionConfigurationPlatforms) = preSolution
		Debug|Any CPU = Debug|Any CPU
		Release|Any CPU = Release|Any CPU
	EndGlobalSection
	GlobalSection(ProjectConfigurationPlatforms) = postSolution
		{81F40D93-4DC8-4F6A-B068-B686E9779837}.Debug|Any CPU.ActiveCfg = Debug|Any CPU
		{81F40D93-4DC8-4F6A-B068-B686E9779837}.Debug|Any CPU.Build.0 = Debug|Any CPU
		{81F40D93-4DC8-4F6A-B068-B686E9779837}.Release|Any CPU.ActiveCfg = Release|Any CPU
		{81F40D93-4DC8-4F6A-B068-B686E9779837}.Release|Any CPU.Build.0 = Release|Any CPU
		{410DB839-818D-49B4-84E7-BE276EF9A688}.Debug|Any CPU.ActiveCfg = Debug|Any CPU
		{410DB839-818D-49B4-84E7-BE276EF9A688}.Debug|Any CPU.Build.0 = Debug|Any CPU
		{410DB839-818D-49B4-84E7-BE276EF9A688}.Release|Any CPU.ActiveCfg = Release|Any CPU
		{410DB839-818D-49B4-84E7-BE276EF9A688}.Release|Any CPU.Build.0 = Release|Any CPU
	EndGlobalSection
	GlobalSection(SolutionProperties) = preSolution
		HideSolutionNode = FALSE
	EndGlobalSection
	GlobalSection(ExtensibilityGlobals) = postSolution
		SolutionGuid = {5A393AEC-AACF-4609-863C-2D24E037463C}
	EndGlobalSection
EndGlobal
