
Microsoft Visual Studio Solution File, Format Version 12.00
# Visual Studio Version 17
VisualStudioVersion = 17.5.002.0
MinimumVisualStudioVersion = 10.0.40219.1
Project("{9A19103F-16F7-4668-BE54-9A1E7A4F7556}") = "MacBlazor3", "MacBlazor3.csproj", "{E68E92D0-592A-4F73-9F9D-1BC790F3C4C7}"
EndProject
Global
	GlobalSection(SolutionConfigurationPlatforms) = preSolution
		Debug|Any CPU = Debug|Any CPU
		Release|Any CPU = Release|Any CPU
	EndGlobalSection
	GlobalSection(ProjectConfigurationPlatforms) = postSolution
		{E68E92D0-592A-4F73-9F9D-1BC790F3C4C7}.Debug|Any CPU.ActiveCfg = Debug|Any CPU
		{E68E92D0-592A-4F73-9F9D-1BC790F3C4C7}.Debug|Any CPU.Build.0 = Debug|Any CPU
		{E68E92D0-592A-4F73-9F9D-1BC790F3C4C7}.Release|Any CPU.ActiveCfg = Release|Any CPU
		{E68E92D0-592A-4F73-9F9D-1BC790F3C4C7}.Release|Any CPU.Build.0 = Release|Any CPU
	EndGlobalSection
	GlobalSection(SolutionProperties) = preSolution
		HideSolutionNode = FALSE
	EndGlobalSection
	GlobalSection(ExtensibilityGlobals) = postSolution
		SolutionGuid = {4BA35688-3594-4FF5-B3D0-5DB1F59746DE}
	EndGlobalSection
EndGlobal
